
Microsoft Visual Studio Solution File, Format Version 12.00
# Visual Studio Version 17
VisualStudioVersion = 17.9.34714.143
MinimumVisualStudioVersion = 10.0.40219.1
Project("{FAE04EC0-301F-11D3-BF4B-00C04F79EFBC}") = "tutorialspointEncapsulatinExample", "tutorialspointEncapsulatinExample\tutorialspointEncapsulatinExample.csproj", "{C24466AB-9B1D-4D9A-97BE-4C936AE00C5B}"
EndProject
Global
	GlobalSection(SolutionConfigurationPlatforms) = preSolution
		Debug|Any CPU = Debug|Any CPU
		Release|Any CPU = Release|Any CPU
	EndGlobalSection
	GlobalSection(ProjectConfigurationPlatforms) = postSolution
		{C24466AB-9B1D-4D9A-97BE-4C936AE00C5B}.Debug|Any CPU.ActiveCfg = Debug|Any CPU
		{C24466AB-9B1D-4D9A-97BE-4C936AE00C5B}.Debug|Any CPU.Build.0 = Debug|Any CPU
		{C24466AB-9B1D-4D9A-97BE-4C936AE00C5B}.Release|Any CPU.ActiveCfg = Release|Any CPU
		{C24466AB-9B1D-4D9A-97BE-4C936AE00C5B}.Release|Any CPU.Build.0 = Release|Any CPU
	EndGlobalSection
	GlobalSection(SolutionProperties) = preSolution
		HideSolutionNode = FALSE
	EndGlobalSection
	GlobalSection(ExtensibilityGlobals) = postSolution
		SolutionGuid = {D4D19F60-5A6F-443B-A2BE-612FEC8B5BFE}
	EndGlobalSection
EndGlobal
