
Microsoft Visual Studio Solution File, Format Version 12.00
# Visual Studio Version 17
VisualStudioVersion = 17.9.34714.143
MinimumVisualStudioVersion = 10.0.40219.1
Project("{FAE04EC0-301F-11D3-BF4B-00C04F79EFBC}") = "MediumExample", "MediumExample\MediumExample.csproj", "{18015C85-1A5D-4F97-99E2-4ECE31257BA4}"
EndProject
Global
	GlobalSection(SolutionConfigurationPlatforms) = preSolution
		Debug|Any CPU = Debug|Any CPU
		Release|Any CPU = Release|Any CPU
	EndGlobalSection
	GlobalSection(ProjectConfigurationPlatforms) = postSolution
		{18015C85-1A5D-4F97-99E2-4ECE31257BA4}.Debug|Any CPU.ActiveCfg = Debug|Any CPU
		{18015C85-1A5D-4F97-99E2-4ECE31257BA4}.Debug|Any CPU.Build.0 = Debug|Any CPU
		{18015C85-1A5D-4F97-99E2-4ECE31257BA4}.Release|Any CPU.ActiveCfg = Release|Any CPU
		{18015C85-1A5D-4F97-99E2-4ECE31257BA4}.Release|Any CPU.Build.0 = Release|Any CPU
	EndGlobalSection
	GlobalSection(SolutionProperties) = preSolution
		HideSolutionNode = FALSE
	EndGlobalSection
	GlobalSection(ExtensibilityGlobals) = postSolution
		SolutionGuid = {C0078F80-6719-4395-B823-0C3AE540B775}
	EndGlobalSection
EndGlobal
